
Microsoft Visual Studio Solution File, Format Version 12.00
# Visual Studio Version 17
VisualStudioVersion = 17.5.2.0
MinimumVisualStudioVersion = 10.0.40219.1
Project("{FAE04EC0-301F-11D3-BF4B-00C04F79EFBC}") = "MvcMovie", "MvcMovie\MvcMovie.csproj", "{9EB97CB9-D321-04C1-136F-224636A3D34D}"
EndProject
Project("{FAE04EC0-301F-11D3-BF4B-00C04F79EFBC}") = "MvcMovie.Tests", "MvcMovie.Tests\MvcMovie.Tests.csproj", "{73739DAB-EB2E-4CFD-B95B-6EBAC615C59C}"
EndProject
Global
	GlobalSection(SolutionConfigurationPlatforms) = preSolution
		Debug|Any CPU = Debug|Any CPU
		Debug|x64 = Debug|x64
		Debug|x86 = Debug|x86
		Release|Any CPU = Release|Any CPU
		Release|x64 = Release|x64
		Release|x86 = Release|x86
	EndGlobalSection
	GlobalSection(ProjectConfigurationPlatforms) = postSolution
		{9EB97CB9-D321-04C1-136F-224636A3D34D}.Debug|Any CPU.ActiveCfg = Debug|Any CPU
		{9EB97CB9-D321-04C1-136F-224636A3D34D}.Debug|Any CPU.Build.0 = Debug|Any CPU
		{9EB97CB9-D321-04C1-136F-224636A3D34D}.Debug|x64.ActiveCfg = Debug|Any CPU
		{9EB97CB9-D321-04C1-136F-224636A3D34D}.Debug|x64.Build.0 = Debug|Any CPU
		{9EB97CB9-D321-04C1-136F-224636A3D34D}.Debug|x86.ActiveCfg = Debug|Any CPU
		{9EB97CB9-D321-04C1-136F-224636A3D34D}.Debug|x86.Build.0 = Debug|Any CPU
		{9EB97CB9-D321-04C1-136F-224636A3D34D}.Release|Any CPU.ActiveCfg = Release|Any CPU
		{9EB97CB9-D321-04C1-136F-224636A3D34D}.Release|Any CPU.Build.0 = Release|Any CPU
		{9EB97CB9-D321-04C1-136F-224636A3D34D}.Release|x64.ActiveCfg = Release|Any CPU
		{9EB97CB9-D321-04C1-136F-224636A3D34D}.Release|x64.Build.0 = Release|Any CPU
		{9EB97CB9-D321-04C1-136F-224636A3D34D}.Release|x86.ActiveCfg = Release|Any CPU
		{9EB97CB9-D321-04C1-136F-224636A3D34D}.Release|x86.Build.0 = Release|Any CPU
		{73739DAB-EB2E-4CFD-B95B-6EBAC615C59C}.Debug|Any CPU.ActiveCfg = Debug|Any CPU
		{73739DAB-EB2E-4CFD-B95B-6EBAC615C59C}.Debug|Any CPU.Build.0 = Debug|Any CPU
		{73739DAB-EB2E-4CFD-B95B-6EBAC615C59C}.Debug|x64.ActiveCfg = Debug|Any CPU
		{73739DAB-EB2E-4CFD-B95B-6EBAC615C59C}.Debug|x64.Build.0 = Debug|Any CPU
		{73739DAB-EB2E-4CFD-B95B-6EBAC615C59C}.Debug|x86.ActiveCfg = Debug|Any CPU
		{73739DAB-EB2E-4CFD-B95B-6EBAC615C59C}.Debug|x86.Build.0 = Debug|Any CPU
		{73739DAB-EB2E-4CFD-B95B-6EBAC615C59C}.Release|Any CPU.ActiveCfg = Release|Any CPU
		{73739DAB-EB2E-4CFD-B95B-6EBAC615C59C}.Release|Any CPU.Build.0 = Release|Any CPU
		{73739DAB-EB2E-4CFD-B95B-6EBAC615C59C}.Release|x64.ActiveCfg = Release|Any CPU
		{73739DAB-EB2E-4CFD-B95B-6EBAC615C59C}.Release|x64.Build.0 = Release|Any CPU
		{73739DAB-EB2E-4CFD-B95B-6EBAC615C59C}.Release|x86.ActiveCfg = Release|Any CPU
		{73739DAB-EB2E-4CFD-B95B-6EBAC615C59C}.Release|x86.Build.0 = Release|Any CPU
	EndGlobalSection
	GlobalSection(SolutionProperties) = preSolution
		HideSolutionNode = FALSE
	EndGlobalSection
	GlobalSection(ExtensibilityGlobals) = postSolution
		SolutionGuid = {C7CE5D3F-54DA-4C30-BF28-C7A08CBBEE6B}
	EndGlobalSection
EndGlobal
